
Microsoft Visual Studio Solution File, Format Version 12.00
# Visual Studio 15
VisualStudioVersion = 15.0.27130.2027
MinimumVisualStudioVersion = 10.0.40219.1
Project("{FAE04EC0-301F-11D3-BF4B-00C04F79EFBC}") = "MongoDBInsertData", "MongoDBInsertData\MongoDBInsertData.csproj", "{CF4EF670-B57B-4EF3-8454-AC3439B5684A}"
EndProject
Global
	GlobalSection(SolutionConfigurationPlatforms) = preSolution
		Debug|Any CPU = Debug|Any CPU
		Release|Any CPU = Release|Any CPU
	EndGlobalSection
	GlobalSection(ProjectConfigurationPlatforms) = postSolution
		{CF4EF670-B57B-4EF3-8454-AC3439B5684A}.Debug|Any CPU.ActiveCfg = Debug|Any CPU
		{CF4EF670-B57B-4EF3-8454-AC3439B5684A}.Debug|Any CPU.Build.0 = Debug|Any CPU
		{CF4EF670-B57B-4EF3-8454-AC3439B5684A}.Release|Any CPU.ActiveCfg = Release|Any CPU
		{CF4EF670-B57B-4EF3-8454-AC3439B5684A}.Release|Any CPU.Build.0 = Release|Any CPU
	EndGlobalSection
	GlobalSection(SolutionProperties) = preSolution
		HideSolutionNode = FALSE
	EndGlobalSection
	GlobalSection(ExtensibilityGlobals) = postSolution
		SolutionGuid = {E282D230-1725-490A-8925-088200C3E973}
	EndGlobalSection
EndGlobal
